{
  "name": "helloserver",
  "version": "1.0.0",
  "lockfileVersion": 2,
  "requires": true,
  "packages": {
    "": {
      "name": "helloserver",
      "version": "1.0.0",
      "license": "ISC",
      "dependencies": {
        "processenv": "3.0.9"
      }
    },
    "node_modules/processenv": {
      "version": "3.0.9",
      "resolved": "https://registry.npmjs.org/processenv/-/processenv-3.0.9.tgz",
      "integrity": "sha512-k3SP1G2ZB1tunIcWyIAl6SgbB4lkmqookJHO2nlxwbztJJximdCGg5nPHqJ6rBtI3gYW4H0iLwdy5VSN9NlVsg=="
    }
  },
  "dependencies": {
    "processenv": {
      "version": "3.0.9",
      "resolved": "https://registry.npmjs.org/processenv/-/processenv-3.0.9.tgz",
      "integrity": "sha512-k3SP1G2ZB1tunIcWyIAl6SgbB4lkmqookJHO2nlxwbztJJximdCGg5nPHqJ6rBtI3gYW4H0iLwdy5VSN9NlVsg=="
    }
  }
}
